// !$*UTF8*$!
{
	archiveVersion = 1;
	classes = {
	};
	objectVersion = 55;
	objects = {

/* Begin PBXBuildFile section */
		84FF2BF927BEA25A00B0FC87 /* AppDelegate.swift in Sources */ = {isa = PBXBuildFile; fileRef = 84FF2BF827BEA25A00B0FC87 /* AppDelegate.swift */; };
		84FF2BFB27BEA25A00B0FC87 /* SceneDelegate.swift in Sources */ = {isa = PBXBuildFile; fileRef = 84FF2BFA27BEA25A00B0FC87 /* SceneDelegate.swift */; };
		84FF2BFD27BEA25A00B0FC87 /* ViewController.swift in Sources */ = {isa = PBXBuildFile; fileRef = 84FF2BFC27BEA25A00B0FC87 /* ViewController.swift */; };
		84FF2C0027BEA25A00B0FC87 /* Main.storyboard in Resources */ = {isa = PBXBuildFile; fileRef = 84FF2BFE27BEA25A00B0FC87 /* Main.storyboard */; };
		84FF2C0327BEA25A00B0FC87 /* CoreDataToDoList.xcdatamodeld in Sources */ = {isa = PBXBuildFile; fileRef = 84FF2C0127BEA25A00B0FC87 /* CoreDataToDoList.xcdatamodeld */; };
		84FF2C0527BEA26300B0FC87 /* Assets.xcassets in Resources */ = {isa = PBXBuildFile; fileRef = 84FF2C0427BEA26300B0FC87 /* Assets.xcassets */; };
		84FF2C0827BEA26300B0FC87 /* LaunchScreen.storyboard in Resources */ = {isa = PBXBuildFile; fileRef = 84FF2C0627BEA26300B0FC87 /* LaunchScreen.storyboard */; };
		84FF2C1427BEB7D400B0FC87 /* MainTableViewCell.swift in Sources */ = {isa = PBXBuildFile; fileRef = 84FF2C1327BEB7D400B0FC87 /* MainTableViewCell.swift */; };
		84FF2C1627BEBBC900B0FC87 /* Extensions.swift in Sources */ = {isa = PBXBuildFile; fileRef = 84FF2C1527BEBBC900B0FC87 /* Extensions.swift */; };
		84FF2C1927BEC2C000B0FC87 /* ToDoListItem+CoreDataClass.swift in Sources */ = {isa = PBXBuildFile; fileRef = 84FF2C1727BEC2C000B0FC87 /* ToDoListItem+CoreDataClass.swift */; };
		84FF2C1A27BEC2C000B0FC87 /* ToDoListItem+CoreDataProperties.swift in Sources */ = {isa = PBXBuildFile; fileRef = 84FF2C1827BEC2C000B0FC87 /* ToDoListItem+CoreDataProperties.swift */; };
/* End PBXBuildFile section */

/* Begin PBXFileReference section */
		84FF2BF527BEA25A00B0FC87 /* CoreDataToDoList.app */ = {isa = PBXFileReference; explicitFileType = wrapper.application; includeInIndex = 0; path = CoreDataToDoList.app; sourceTree = BUILT_PRODUCTS_DIR; };
		84FF2BF827BEA25A00B0FC87 /* AppDelegate.swift */ = {isa = PBXFileReference; lastKnownFileType = sourcecode.swift; path = AppDelegate.swift; sourceTree = "<group>"; };
		84FF2BFA27BEA25A00B0FC87 /* SceneDelegate.swift */ = {isa = PBXFileReference; lastKnownFileType = sourcecode.swift; path = SceneDelegate.swift; sourceTree = "<group>"; };
		84FF2BFC27BEA25A00B0FC87 /* ViewController.swift */ = {isa = PBXFileReference; lastKnownFileType = sourcecode.swift; path = ViewController.swift; sourceTree = "<group>"; };
		84FF2BFF27BEA25A00B0FC87 /* Base */ = {isa = PBXFileReference; lastKnownFileType = file.storyboard; name = Base; path = Base.lproj/Main.storyboard; sourceTree = "<group>"; };
		84FF2C0227BEA25A00B0FC87 /* CoreDataToDoList.xcdatamodel */ = {isa = PBXFileReference; lastKnownFileType = wrapper.xcdatamodel; path = CoreDataToDoList.xcdatamodel; sourceTree = "<group>"; };
		84FF2C0427BEA26300B0FC87 /* Assets.xcassets */ = {isa = PBXFileReference; lastKnownFileType = folder.assetcatalog; path = Assets.xcassets; sourceTree = "<group>"; };
		84FF2C0727BEA26300B0FC87 /* Base */ = {isa = PBXFileReference; lastKnownFileType = file.storyboard; name = Base; path = Base.lproj/LaunchScreen.storyboard; sourceTree = "<group>"; };
		84FF2C0927BEA26300B0FC87 /* Info.plist */ = {isa = PBXFileReference; lastKnownFileType = text.plist.xml; path = Info.plist; sourceTree = "<group>"; };
		84FF2C1327BEB7D400B0FC87 /* MainTableViewCell.swift */ = {isa = PBXFileReference; lastKnownFileType = sourcecode.swift; path = MainTableViewCell.swift; sourceTree = "<group>"; };
		84FF2C1527BEBBC900B0FC87 /* Extensions.swift */ = {isa = PBXFileReference; lastKnownFileType = sourcecode.swift; path = Extensions.swift; sourceTree = "<group>"; };
		84FF2C1727BEC2C000B0FC87 /* ToDoListItem+CoreDataClass.swift */ = {isa = PBXFileReference; lastKnownFileType = sourcecode.swift; path = "ToDoListItem+CoreDataClass.swift"; sourceTree = "<group>"; };
		84FF2C1827BEC2C000B0FC87 /* ToDoListItem+CoreDataProperties.swift */ = {isa = PBXFileReference; lastKnownFileType = sourcecode.swift; path = "ToDoListItem+CoreDataProperties.swift"; sourceTree = "<group>"; };
/* End PBXFileReference section */

/* Begin PBXFrameworksBuildPhase section */
		84FF2BF227BEA25A00B0FC87 /* Frameworks */ = {
			isa = PBXFrameworksBuildPhase;
			buildActionMask = 2147483647;
			files = (
			);
			runOnlyForDeploymentPostprocessing = 0;
		};
/* End PBXFrameworksBuildPhase section */

/* Begin PBXGroup section */
		84FF2BEC27BEA25A00B0FC87 = {
			isa = PBXGroup;
			children = (
				84FF2C1727BEC2C000B0FC87 /* ToDoListItem+CoreDataClass.swift */,
				84FF2C1827BEC2C000B0FC87 /* ToDoListItem+CoreDataProperties.swift */,
				84FF2BF727BEA25A00B0FC87 /* CoreDataToDoList */,
				84FF2BF627BEA25A00B0FC87 /* Products */,
			);
			sourceTree = "<group>";
		};
		84FF2BF627BEA25A00B0FC87 /* Products */ = {
			isa = PBXGroup;
			children = (
				84FF2BF527BEA25A00B0FC87 /* CoreDataToDoList.app */,
			);
			name = Products;
			sourceTree = "<group>";
		};
		84FF2BF727BEA25A00B0FC87 /* CoreDataToDoList */ = {
			isa = PBXGroup;
			children = (
				84FF2BF827BEA25A00B0FC87 /* AppDelegate.swift */,
				84FF2BFA27BEA25A00B0FC87 /* SceneDelegate.swift */,
				84FF2BFC27BEA25A00B0FC87 /* ViewController.swift */,
				84FF2C1327BEB7D400B0FC87 /* MainTableViewCell.swift */,
				84FF2C1527BEBBC900B0FC87 /* Extensions.swift */,
				84FF2BFE27BEA25A00B0FC87 /* Main.storyboard */,
				84FF2C0427BEA26300B0FC87 /* Assets.xcassets */,
				84FF2C0627BEA26300B0FC87 /* LaunchScreen.storyboard */,
				84FF2C0927BEA26300B0FC87 /* Info.plist */,
				84FF2C0127BEA25A00B0FC87 /* CoreDataToDoList.xcdatamodeld */,
			);
			path = CoreDataToDoList;
			sourceTree = "<group>";
		};
/* End PBXGroup section */

/* Begin PBXNativeTarget section */
		84FF2BF427BEA25A00B0FC87 /* CoreDataToDoList */ = {
			isa = PBXNativeTarget;
			buildConfigurationList = 84FF2C0C27BEA26300B0FC87 /* Build configuration list for PBXNativeTarget "CoreDataToDoList" */;
			buildPhases = (
				84FF2BF127BEA25A00B0FC87 /* Sources */,
				84FF2BF227BEA25A00B0FC87 /* Frameworks */,
				84FF2BF327BEA25A00B0FC87 /* Resources */,
			);
			buildRules = (
			);
			dependencies = (
			);
			name = CoreDataToDoList;
			productName = CoreDataToDoList;
			productReference = 84FF2BF527BEA25A00B0FC87 /* CoreDataToDoList.app */;
			productType = "com.apple.product-type.application";
		};
/* End PBXNativeTarget section */

/* Begin PBXProject section */
		84FF2BED27BEA25A00B0FC87 /* Project object */ = {
			isa = PBXProject;
			attributes = {
				BuildIndependentTargetsInParallel = 1;
				LastSwiftUpdateCheck = 1320;
				LastUpgradeCheck = 1320;
				TargetAttributes = {
					84FF2BF427BEA25A00B0FC87 = {
						CreatedOnToolsVersion = 13.2.1;
					};
				};
			};
			buildConfigurationList = 84FF2BF027BEA25A00B0FC87 /* Build configuration list for PBXProject "CoreDataToDoList" */;
			compatibilityVersion = "Xcode 13.0";
			developmentRegion = en;
			hasScannedForEncodings = 0;
			knownRegions = (
				en,
				Base,
			);
			mainGroup = 84FF2BEC27BEA25A00B0FC87;
			productRefGroup = 84FF2BF627BEA25A00B0FC87 /* Products */;
			projectDirPath = "";
			projectRoot = "";
			targets = (
				84FF2BF427BEA25A00B0FC87 /* CoreDataToDoList */,
			);
		};
/* End PBXProject section */

/* Begin PBXResourcesBuildPhase section */
		84FF2BF327BEA25A00B0FC87 /* Resources */ = {
			isa = PBXResourcesBuildPhase;
			buildActionMask = 2147483647;
			files = (
				84FF2C0827BEA26300B0FC87 /* LaunchScreen.storyboard in Resources */,
				84FF2C0527BEA26300B0FC87 /* Assets.xcassets in Resources */,
				84FF2C0027BEA25A00B0FC87 /* Main.storyboard in Resources */,
			);
			runOnlyForDeploymentPostprocessing = 0;
		};
/* End PBXResourcesBuildPhase section */

/* Begin PBXSourcesBuildPhase section */
		84FF2BF127BEA25A00B0FC87 /* Sources */ = {
			isa = PBXSourcesBuildPhase;
			buildActionMask = 2147483647;
			files = (
				84FF2C1927BEC2C000B0FC87 /* ToDoListItem+CoreDataClass.swift in Sources */,
				84FF2BFD27BEA25A00B0FC87 /* ViewController.swift in Sources */,
				84FF2BF927BEA25A00B0FC87 /* AppDelegate.swift in Sources */,
				84FF2C0327BEA25A00B0FC87 /* CoreDataToDoList.xcdatamodeld in Sources */,
				84FF2C1A27BEC2C000B0FC87 /* ToDoListItem+CoreDataProperties.swift in Sources */,
				84FF2C1627BEBBC900B0FC87 /* Extensions.swift in Sources */,
				84FF2C1427BEB7D400B0FC87 /* MainTableViewCell.swift in Sources */,
				84FF2BFB27BEA25A00B0FC87 /* SceneDelegate.swift in Sources */,
			);
			runOnlyForDeploymentPostprocessing = 0;
		};
/* End PBXSourcesBuildPhase section */

/* Begin PBXVariantGroup section */
		84FF2BFE27BEA25A00B0FC87 /* Main.storyboard */ = {
			isa = PBXVariantGroup;
			children = (
				84FF2BFF27BEA25A00B0FC87 /* Base */,
			);
			name = Main.storyboard;
			sourceTree = "<group>";
		};
		84FF2C0627BEA26300B0FC87 /* LaunchScreen.storyboard */ = {
			isa = PBXVariantGroup;
			children = (
				84FF2C0727BEA26300B0FC87 /* Base */,
			);
			name = LaunchScreen.storyboard;
			sourceTree = "<group>";
		};
/* End PBXVariantGroup section */

/* Begin XCBuildConfiguration section */
		84FF2C0A27BEA26300B0FC87 /* Debug */ = {
			isa = XCBuildConfiguration;
			buildSettings = {
				ALWAYS_SEARCH_USER_PATHS = NO;
				CLANG_ANALYZER_NONNULL = YES;
				CLANG_ANALYZER_NUMBER_OBJECT_CONVERSION = YES_AGGRESSIVE;
				CLANG_CXX_LANGUAGE_STANDARD = "gnu++17";
				CLANG_CXX_LIBRARY = "libc++";
				CLANG_ENABLE_MODULES = YES;
				CLANG_ENABLE_OBJC_ARC = YES;
				CLANG_ENABLE_OBJC_WEAK = YES;
				CLANG_WARN_BLOCK_CAPTURE_AUTORELEASING = YES;
				CLANG_WARN_BOOL_CONVERSION = YES;
				CLANG_WARN_COMMA = YES;
				CLANG_WARN_CONSTANT_CONVERSION = YES;
				CLANG_WARN_DEPRECATED_OBJC_IMPLEMENTATIONS = YES;
				CLANG_WARN_DIRECT_OBJC_ISA_USAGE = YES_ERROR;
				CLANG_WARN_DOCUMENTATION_COMMENTS = YES;
				CLANG_WARN_EMPTY_BODY = YES;
				CLANG_WARN_ENUM_CONVERSION = YES;
				CLANG_WARN_INFINITE_RECURSION = YES;
				CLANG_WARN_INT_CONVERSION = YES;
				CLANG_WARN_NON_LITERAL_NULL_CONVERSION = YES;
				CLANG_WARN_OBJC_IMPLICIT_RETAIN_SELF = YES;
				CLANG_WARN_OBJC_LITERAL_CONVERSION = YES;
				CLANG_WARN_OBJC_ROOT_CLASS = YES_ERROR;
				CLANG_WARN_QUOTED_INCLUDE_IN_FRAMEWORK_HEADER = YES;
				CLANG_WARN_RANGE_LOOP_ANALYSIS = YES;
				CLANG_WARN_STRICT_PROTOTYPES = YES;
				CLANG_WARN_SUSPICIOUS_MOVE = YES;
				CLANG_WARN_UNGUARDED_AVAILABILITY = YES_AGGRESSIVE;
				CLANG_WARN_UNREACHABLE_CODE = YES;
				CLANG_WARN__DUPLICATE_METHOD_MATCH = YES;
				COPY_PHASE_STRIP = NO;
				DEBUG_INFORMATION_FORMAT = dwarf;
				ENABLE_STRICT_OBJC_MSGSEND = YES;
				ENABLE_TESTABILITY = YES;
				GCC_C_LANGUAGE_STANDARD = gnu11;
				GCC_DYNAMIC_NO_PIC = NO;
				GCC_NO_COMMON_BLOCKS = YES;
				GCC_OPTIMIZATION_LEVEL = 0;
				GCC_PREPROCESSOR_DEFINITIONS = (
					"DEBUG=1",
					"$(inherited)",
				);
				GCC_WARN_64_TO_32_BIT_CONVERSION = YES;
				GCC_WARN_ABOUT_RETURN_TYPE = YES_ERROR;
				GCC_WARN_UNDECLARED_SELECTOR = YES;
				GCC_WARN_UNINITIALIZED_AUTOS = YES_AGGRESSIVE;
				GCC_WARN_UNUSED_FUNCTION = YES;
				GCC_WARN_UNUSED_VARIABLE = YES;
				IPHONEOS_DEPLOYMENT_TARGET = 15.2;
				MTL_ENABLE_DEBUG_INFO = INCLUDE_SOURCE;
				MTL_FAST_MATH = YES;
				ONLY_ACTIVE_ARCH = YES;
				SDKROOT = iphoneos;
				SWIFT_ACTIVE_COMPILATION_CONDITIONS = DEBUG;
				SWIFT_OPTIMIZATION_LEVEL = "-Onone";
			};
			name = Debug;
		};
		84FF2C0B27BEA26300B0FC87 /* Release */ = {
			isa = XCBuildConfiguration;
			buildSettings = {
				ALWAYS_SEARCH_USER_PATHS = NO;
				CLANG_ANALYZER_NONNULL = YES;
				CLANG_ANALYZER_NUMBER_OBJECT_CONVERSION = YES_AGGRESSIVE;
				CLANG_CXX_LANGUAGE_STANDARD = "gnu++17";
				CLANG_CXX_LIBRARY = "libc++";
				CLANG_ENABLE_MODULES = YES;
				CLANG_ENABLE_OBJC_ARC = YES;
				CLANG_ENABLE_OBJC_WEAK = YES;
				CLANG_WARN_BLOCK_CAPTURE_AUTORELEASING = YES;
				CLANG_WARN_BOOL_CONVERSION = YES;
				CLANG_WARN_COMMA = YES;
				CLANG_WARN_CONSTANT_CONVERSION = YES;
				CLANG_WARN_DEPRECATED_OBJC_IMPLEMENTATIONS = YES;
				CLANG_WARN_DIRECT_OBJC_ISA_USAGE = YES_ERROR;
				CLANG_WARN_DOCUMENTATION_COMMENTS = YES;
				CLANG_WARN_EMPTY_BODY = YES;
				CLANG_WARN_ENUM_CONVERSION = YES;
				CLANG_WARN_INFINITE_RECURSION = YES;
				CLANG_WARN_INT_CONVERSION = YES;
				CLANG_WARN_NON_LITERAL_NULL_CONVERSION = YES;
				CLANG_WARN_OBJC_IMPLICIT_RETAIN_SELF = YES;
				CLANG_WARN_OBJC_LITERAL_CONVERSION = YES;
				CLANG_WARN_OBJC_ROOT_CLASS = YES_ERROR;
				CLANG_WARN_QUOTED_INCLUDE_IN_FRAMEWORK_HEADER = YES;
				CLANG_WARN_RANGE_LOOP_ANALYSIS = YES;
				CLANG_WARN_STRICT_PROTOTYPES = YES;
				CLANG_WARN_SUSPICIOUS_MOVE = YES;
				CLANG_WARN_UNGUARDED_AVAILABILITY = YES_AGGRESSIVE;
				CLANG_WARN_UNREACHABLE_CODE = YES;
				CLANG_WARN__DUPLICATE_METHOD_MATCH = YES;
				COPY_PHASE_STRIP = NO;
				DEBUG_INFORMATION_FORMAT = "dwarf-with-dsym";
				ENABLE_NS_ASSERTIONS = NO;
				ENABLE_STRICT_OBJC_MSGSEND = YES;
				GCC_C_LANGUAGE_STANDARD = gnu11;
				GCC_NO_COMMON_BLOCKS = YES;
				GCC_WARN_64_TO_32_BIT_CONVERSION = YES;
				GCC_WARN_ABOUT_RETURN_TYPE = YES_ERROR;
				GCC_WARN_UNDECLARED_SELECTOR = YES;
				GCC_WARN_UNINITIALIZED_AUTOS = YES_AGGRESSIVE;
				GCC_WARN_UNUSED_FUNCTION = YES;
				GCC_WARN_UNUSED_VARIABLE = YES;
				IPHONEOS_DEPLOYMENT_TARGET = 15.2;
				MTL_ENABLE_DEBUG_INFO = NO;
				MTL_FAST_MATH = YES;
				SDKROOT = iphoneos;
				SWIFT_COMPILATION_MODE = wholemodule;
				SWIFT_OPTIMIZATION_LEVEL = "-O";
				VALIDATE_PRODUCT = YES;
			};
			name = Release;
		};
		84FF2C0D27BEA26300B0FC87 /* Debug */ = {
			isa = XCBuildConfiguration;
			buildSettings = {
				ASSETCATALOG_COMPILER_APPICON_NAME = AppIcon;
				ASSETCATALOG_COMPILER_GLOBAL_ACCENT_COLOR_NAME = AccentColor;
				CODE_SIGN_STYLE = Automatic;
				CURRENT_PROJECT_VERSION = 1;
				DEVELOPMENT_TEAM = L9C33X24K8;
				GENERATE_INFOPLIST_FILE = YES;
				INFOPLIST_FILE = CoreDataToDoList/Info.plist;
				INFOPLIST_KEY_UIApplicationSupportsIndirectInputEvents = YES;
				INFOPLIST_KEY_UILaunchStoryboardName = LaunchScreen;
				INFOPLIST_KEY_UIMainStoryboardFile = Main;
				INFOPLIST_KEY_UISupportedInterfaceOrientations_iPad = "UIInterfaceOrientationPortrait UIInterfaceOrientationPortraitUpsideDown UIInterfaceOrientationLandscapeLeft UIInterfaceOrientationLandscapeRight";
				INFOPLIST_KEY_UISupportedInterfaceOrientations_iPhone = "UIInterfaceOrientationPortrait UIInterfaceOrientationLandscapeLeft UIInterfaceOrientationLandscapeRight";
				LD_RUNPATH_SEARCH_PATHS = (
					"$(inherited)",
					"@executable_path/Frameworks",
				);
				MARKETING_VERSION = 1.0;
				PRODUCT_BUNDLE_IDENTIFIER = itClass.CoreDataToDoList;
				PRODUCT_NAME = "$(TARGET_NAME)";
				SWIFT_EMIT_LOC_STRINGS = YES;
				SWIFT_VERSION = 5.0;
				TARGETED_DEVICE_FAMILY = "1,2";
			};
			name = Debug;
		};
		84FF2C0E27BEA26300B0FC87 /* Release */ = {
			isa = XCBuildConfiguration;
			buildSettings = {
				ASSETCATALOG_COMPILER_APPICON_NAME = AppIcon;
				ASSETCATALOG_COMPILER_GLOBAL_ACCENT_COLOR_NAME = AccentColor;
				CODE_SIGN_STYLE = Automatic;
				CURRENT_PROJECT_VERSION = 1;
				DEVELOPMENT_TEAM = L9C33X24K8;
				GENERATE_INFOPLIST_FILE = YES;
				INFOPLIST_FILE = CoreDataToDoList/Info.plist;
				INFOPLIST_KEY_UIApplicationSupportsIndirectInputEvents = YES;
				INFOPLIST_KEY_UILaunchStoryboardName = LaunchScreen;
				INFOPLIST_KEY_UIMainStoryboardFile = Main;
				INFOPLIST_KEY_UISupportedInterfaceOrientations_iPad = "UIInterfaceOrientationPortrait UIInterfaceOrientationPortraitUpsideDown UIInterfaceOrientationLandscapeLeft UIInterfaceOrientationLandscapeRight";
				INFOPLIST_KEY_UISupportedInterfaceOrientations_iPhone = "UIInterfaceOrientationPortrait UIInterfaceOrientationLandscapeLeft UIInterfaceOrientationLandscapeRight";
				LD_RUNPATH_SEARCH_PATHS = (
					"$(inherited)",
					"@executable_path/Frameworks",
				);
				MARKETING_VERSION = 1.0;
				PRODUCT_BUNDLE_IDENTIFIER = itClass.CoreDataToDoList;
				PRODUCT_NAME = "$(TARGET_NAME)";
				SWIFT_EMIT_LOC_STRINGS = YES;
				SWIFT_VERSION = 5.0;
				TARGETED_DEVICE_FAMILY = "1,2";
			};
			name = Release;
		};
/* End XCBuildConfiguration section */

/* Begin XCConfigurationList section */
		84FF2BF027BEA25A00B0FC87 /* Build configuration list for PBXProject "CoreDataToDoList" */ = {
			isa = XCConfigurationList;
			buildConfigurations = (
				84FF2C0A27BEA26300B0FC87 /* Debug */,
				84FF2C0B27BEA26300B0FC87 /* Release */,
			);
			defaultConfigurationIsVisible = 0;
			defaultConfigurationName = Release;
		};
		84FF2C0C27BEA26300B0FC87 /* Build configuration list for PBXNativeTarget "CoreDataToDoList" */ = {
			isa = XCConfigurationList;
			buildConfigurations = (
				84FF2C0D27BEA26300B0FC87 /* Debug */,
				84FF2C0E27BEA26300B0FC87 /* Release */,
			);
			defaultConfigurationIsVisible = 0;
			defaultConfigurationName = Release;
		};
/* End XCConfigurationList section */

/* Begin XCVersionGroup section */
		84FF2C0127BEA25A00B0FC87 /* CoreDataToDoList.xcdatamodeld */ = {
			isa = XCVersionGroup;
			children = (
				84FF2C0227BEA25A00B0FC87 /* CoreDataToDoList.xcdatamodel */,
			);
			currentVersion = 84FF2C0227BEA25A00B0FC87 /* CoreDataToDoList.xcdatamodel */;
			path = CoreDataToDoList.xcdatamodeld;
			sourceTree = "<group>";
			versionGroupType = wrapper.xcdatamodel;
		};
/* End XCVersionGroup section */
	};
	rootObject = 84FF2BED27BEA25A00B0FC87 /* Project object */;
}
